
Microsoft Visual Studio Solution File, Format Version 12.00
# Visual Studio Version 17
VisualStudioVersion = 17.5.002.0
MinimumVisualStudioVersion = 10.0.40219.1
Project("{9A19103F-16F7-4668-BE54-9A1E7A4F7556}") = "ProjetoMVC", "ProjetoMVC.csproj", "{DE2CB7B6-E0C5-45FC-BAED-9AE78EE82550}"
EndProject
Global
	GlobalSection(SolutionConfigurationPlatforms) = preSolution
		Debug|Any CPU = Debug|Any CPU
		Release|Any CPU = Release|Any CPU
	EndGlobalSection
	GlobalSection(ProjectConfigurationPlatforms) = postSolution
		{DE2CB7B6-E0C5-45FC-BAED-9AE78EE82550}.Debug|Any CPU.ActiveCfg = Debug|Any CPU
		{DE2CB7B6-E0C5-45FC-BAED-9AE78EE82550}.Debug|Any CPU.Build.0 = Debug|Any CPU
		{DE2CB7B6-E0C5-45FC-BAED-9AE78EE82550}.Release|Any CPU.ActiveCfg = Release|Any CPU
		{DE2CB7B6-E0C5-45FC-BAED-9AE78EE82550}.Release|Any CPU.Build.0 = Release|Any CPU
	EndGlobalSection
	GlobalSection(SolutionProperties) = preSolution
		HideSolutionNode = FALSE
	EndGlobalSection
	GlobalSection(ExtensibilityGlobals) = postSolution
		SolutionGuid = {25BA49C3-3869-4894-89FC-A728EF065E71}
	EndGlobalSection
EndGlobal
